
Microsoft Visual Studio Solution File, Format Version 12.00
# Visual Studio Version 17
VisualStudioVersion = 17.5.33627.172
MinimumVisualStudioVersion = 10.0.40219.1
Project("{9A19103F-16F7-4668-BE54-9A1E7A4F7556}") = "MeuPrimeiroRepo", "MeuPrimeiroRepo.csproj", "{228CA7DA-58FE-49B2-AB2F-E6DADB54F807}"
EndProject
Global
	GlobalSection(SolutionConfigurationPlatforms) = preSolution
		Debug|Any CPU = Debug|Any CPU
		Release|Any CPU = Release|Any CPU
	EndGlobalSection
	GlobalSection(ProjectConfigurationPlatforms) = postSolution
		{228CA7DA-58FE-49B2-AB2F-E6DADB54F807}.Debug|Any CPU.ActiveCfg = Debug|Any CPU
		{228CA7DA-58FE-49B2-AB2F-E6DADB54F807}.Debug|Any CPU.Build.0 = Debug|Any CPU
		{228CA7DA-58FE-49B2-AB2F-E6DADB54F807}.Release|Any CPU.ActiveCfg = Release|Any CPU
		{228CA7DA-58FE-49B2-AB2F-E6DADB54F807}.Release|Any CPU.Build.0 = Release|Any CPU
	EndGlobalSection
	GlobalSection(SolutionProperties) = preSolution
		HideSolutionNode = FALSE
	EndGlobalSection
	GlobalSection(ExtensibilityGlobals) = postSolution
		SolutionGuid = {20C8926C-370C-4E3C-8BF5-4EDC663353A3}
	EndGlobalSection
EndGlobal
